// !$*UTF8*$!
{
	archiveVersion = 1;
	classes = {
	};
	objectVersion = 51;
	objects = {

/* Begin PBXBuildFile section */
		2C3B68282675CF0600A329DD /* AppDelegate.swift in Sources */ = {isa = PBXBuildFile; fileRef = 2C3B68272675CF0600A329DD /* AppDelegate.swift */; };
		2C3B682F2675CF0600A329DD /* Main.storyboard in Resources */ = {isa = PBXBuildFile; fileRef = 2C3B682D2675CF0600A329DD /* Main.storyboard */; };
		2C3B68312675CF0800A329DD /* Assets.xcassets in Resources */ = {isa = PBXBuildFile; fileRef = 2C3B68302675CF0800A329DD /* Assets.xcassets */; };
		2C3B68342675CF0800A329DD /* LaunchScreen.storyboard in Resources */ = {isa = PBXBuildFile; fileRef = 2C3B68322675CF0800A329DD /* LaunchScreen.storyboard */; };
		2C3B68402675D55600A329DD /* MyNotesVC.swift in Sources */ = {isa = PBXBuildFile; fileRef = 2C3B683F2675D55600A329DD /* MyNotesVC.swift */; };
		2C3B68432675D5B600A329DD /* NotesTVC.swift in Sources */ = {isa = PBXBuildFile; fileRef = 2C3B68422675D5B600A329DD /* NotesTVC.swift */; };
		2C9E3D542675DC6F0037A602 /* EditVC.swift in Sources */ = {isa = PBXBuildFile; fileRef = 2C9E3D532675DC6F0037A602 /* EditVC.swift */; };
		2C9E3D572675DD920037A602 /* MyNotesVM.swift in Sources */ = {isa = PBXBuildFile; fileRef = 2C9E3D562675DD920037A602 /* MyNotesVM.swift */; };
		2C9E3D592675DDA30037A602 /* EditVM.swift in Sources */ = {isa = PBXBuildFile; fileRef = 2C9E3D582675DDA30037A602 /* EditVM.swift */; };
		2C9E3D5B2675DDB00037A602 /* EditUIVC.swift in Sources */ = {isa = PBXBuildFile; fileRef = 2C9E3D5A2675DDB00037A602 /* EditUIVC.swift */; };
		2C9E3D5D2675DDBD0037A602 /* MyNotesUIVC.swift in Sources */ = {isa = PBXBuildFile; fileRef = 2C9E3D5C2675DDBD0037A602 /* MyNotesUIVC.swift */; };
		2C9E3D5F2675DF500037A602 /* Note.swift in Sources */ = {isa = PBXBuildFile; fileRef = 2C9E3D5E2675DF500037A602 /* Note.swift */; };
		2C9E3D622675F5E50037A602 /* RealmDatabase.swift in Sources */ = {isa = PBXBuildFile; fileRef = 2C9E3D612675F5E50037A602 /* RealmDatabase.swift */; };
		7279546109629CE27B4940EC /* Pods_RealmDemo.framework in Frameworks */ = {isa = PBXBuildFile; fileRef = A8531E23ED3B291FF242531A /* Pods_RealmDemo.framework */; };
/* End PBXBuildFile section */

/* Begin PBXFileReference section */
		2C3B68242675CF0600A329DD /* RealmDemo.app */ = {isa = PBXFileReference; explicitFileType = wrapper.application; includeInIndex = 0; path = RealmDemo.app; sourceTree = BUILT_PRODUCTS_DIR; };
		2C3B68272675CF0600A329DD /* AppDelegate.swift */ = {isa = PBXFileReference; lastKnownFileType = sourcecode.swift; path = AppDelegate.swift; sourceTree = "<group>"; };
		2C3B682E2675CF0600A329DD /* Base */ = {isa = PBXFileReference; lastKnownFileType = file.storyboard; name = Base; path = Base.lproj/Main.storyboard; sourceTree = "<group>"; };
		2C3B68302675CF0800A329DD /* Assets.xcassets */ = {isa = PBXFileReference; lastKnownFileType = folder.assetcatalog; path = Assets.xcassets; sourceTree = "<group>"; };
		2C3B68332675CF0800A329DD /* Base */ = {isa = PBXFileReference; lastKnownFileType = file.storyboard; name = Base; path = Base.lproj/LaunchScreen.storyboard; sourceTree = "<group>"; };
		2C3B68352675CF0800A329DD /* Info.plist */ = {isa = PBXFileReference; lastKnownFileType = text.plist.xml; path = Info.plist; sourceTree = "<group>"; };
		2C3B683F2675D55600A329DD /* MyNotesVC.swift */ = {isa = PBXFileReference; lastKnownFileType = sourcecode.swift; path = MyNotesVC.swift; sourceTree = "<group>"; };
		2C3B68422675D5B600A329DD /* NotesTVC.swift */ = {isa = PBXFileReference; lastKnownFileType = sourcecode.swift; path = NotesTVC.swift; sourceTree = "<group>"; };
		2C9E3D532675DC6F0037A602 /* EditVC.swift */ = {isa = PBXFileReference; lastKnownFileType = sourcecode.swift; path = EditVC.swift; sourceTree = "<group>"; };
		2C9E3D562675DD920037A602 /* MyNotesVM.swift */ = {isa = PBXFileReference; lastKnownFileType = sourcecode.swift; path = MyNotesVM.swift; sourceTree = "<group>"; };
		2C9E3D582675DDA30037A602 /* EditVM.swift */ = {isa = PBXFileReference; lastKnownFileType = sourcecode.swift; path = EditVM.swift; sourceTree = "<group>"; };
		2C9E3D5A2675DDB00037A602 /* EditUIVC.swift */ = {isa = PBXFileReference; lastKnownFileType = sourcecode.swift; path = EditUIVC.swift; sourceTree = "<group>"; };
		2C9E3D5C2675DDBD0037A602 /* MyNotesUIVC.swift */ = {isa = PBXFileReference; lastKnownFileType = sourcecode.swift; path = MyNotesUIVC.swift; sourceTree = "<group>"; };
		2C9E3D5E2675DF500037A602 /* Note.swift */ = {isa = PBXFileReference; lastKnownFileType = sourcecode.swift; path = Note.swift; sourceTree = "<group>"; };
		2C9E3D612675F5E50037A602 /* RealmDatabase.swift */ = {isa = PBXFileReference; lastKnownFileType = sourcecode.swift; path = RealmDatabase.swift; sourceTree = "<group>"; };
		A8531E23ED3B291FF242531A /* Pods_RealmDemo.framework */ = {isa = PBXFileReference; explicitFileType = wrapper.framework; includeInIndex = 0; path = Pods_RealmDemo.framework; sourceTree = BUILT_PRODUCTS_DIR; };
		AE7D9D54033578006D3351DB /* Pods-RealmDemo.release.xcconfig */ = {isa = PBXFileReference; includeInIndex = 1; lastKnownFileType = text.xcconfig; name = "Pods-RealmDemo.release.xcconfig"; path = "Target Support Files/Pods-RealmDemo/Pods-RealmDemo.release.xcconfig"; sourceTree = "<group>"; };
		DD437156C249D47D0E29CEB6 /* Pods-RealmDemo.debug.xcconfig */ = {isa = PBXFileReference; includeInIndex = 1; lastKnownFileType = text.xcconfig; name = "Pods-RealmDemo.debug.xcconfig"; path = "Target Support Files/Pods-RealmDemo/Pods-RealmDemo.debug.xcconfig"; sourceTree = "<group>"; };
/* End PBXFileReference section */

/* Begin PBXFrameworksBuildPhase section */
		2C3B68212675CF0600A329DD /* Frameworks */ = {
			isa = PBXFrameworksBuildPhase;
			buildActionMask = 2147483647;
			files = (
				7279546109629CE27B4940EC /* Pods_RealmDemo.framework in Frameworks */,
			);
			runOnlyForDeploymentPostprocessing = 0;
		};
/* End PBXFrameworksBuildPhase section */

/* Begin PBXGroup section */
		2C3B681B2675CF0600A329DD = {
			isa = PBXGroup;
			children = (
				2C3B68262675CF0600A329DD /* RealmDemo */,
				2C3B68252675CF0600A329DD /* Products */,
				330795AB527862EFF3918356 /* Pods */,
				F5C925871C55C11B01C50850 /* Frameworks */,
			);
			sourceTree = "<group>";
		};
		2C3B68252675CF0600A329DD /* Products */ = {
			isa = PBXGroup;
			children = (
				2C3B68242675CF0600A329DD /* RealmDemo.app */,
			);
			name = Products;
			sourceTree = "<group>";
		};
		2C3B68262675CF0600A329DD /* RealmDemo */ = {
			isa = PBXGroup;
			children = (
				2C9E3D602675F5D80037A602 /* DataBase */,
				2C3B683C2675D4E300A329DD /* model */,
				2C3B683B2675D4DE00A329DD /* view */,
				2C3B68272675CF0600A329DD /* AppDelegate.swift */,
				2C3B68302675CF0800A329DD /* Assets.xcassets */,
				2C3B68322675CF0800A329DD /* LaunchScreen.storyboard */,
				2C3B68352675CF0800A329DD /* Info.plist */,
			);
			path = RealmDemo;
			sourceTree = "<group>";
		};
		2C3B683B2675D4DE00A329DD /* view */ = {
			isa = PBXGroup;
			children = (
				2C3B68412675D59D00A329DD /* CustomViews */,
				2C3B683E2675D4F100A329DD /* storyboard */,
				2C3B683D2675D4E900A329DD /* ViewController */,
			);
			path = view;
			sourceTree = "<group>";
		};
		2C3B683C2675D4E300A329DD /* model */ = {
			isa = PBXGroup;
			children = (
				2C9E3D5E2675DF500037A602 /* Note.swift */,
			);
			path = model;
			sourceTree = "<group>";
		};
		2C3B683D2675D4E900A329DD /* ViewController */ = {
			isa = PBXGroup;
			children = (
				2C9E3D552675DD730037A602 /* Home */,
				2C9E3D522675DC430037A602 /* Edit */,
			);
			path = ViewController;
			sourceTree = "<group>";
		};
		2C3B683E2675D4F100A329DD /* storyboard */ = {
			isa = PBXGroup;
			children = (
				2C3B682D2675CF0600A329DD /* Main.storyboard */,
			);
			path = storyboard;
			sourceTree = "<group>";
		};
		2C3B68412675D59D00A329DD /* CustomViews */ = {
			isa = PBXGroup;
			children = (
				2C3B68422675D5B600A329DD /* NotesTVC.swift */,
			);
			path = CustomViews;
			sourceTree = "<group>";
		};
		2C9E3D522675DC430037A602 /* Edit */ = {
			isa = PBXGroup;
			children = (
				2C9E3D532675DC6F0037A602 /* EditVC.swift */,
				2C9E3D582675DDA30037A602 /* EditVM.swift */,
				2C9E3D5A2675DDB00037A602 /* EditUIVC.swift */,
			);
			path = Edit;
			sourceTree = "<group>";
		};
		2C9E3D552675DD730037A602 /* Home */ = {
			isa = PBXGroup;
			children = (
				2C3B683F2675D55600A329DD /* MyNotesVC.swift */,
				2C9E3D562675DD920037A602 /* MyNotesVM.swift */,
				2C9E3D5C2675DDBD0037A602 /* MyNotesUIVC.swift */,
			);
			path = Home;
			sourceTree = "<group>";
		};
		2C9E3D602675F5D80037A602 /* DataBase */ = {
			isa = PBXGroup;
			children = (
				2C9E3D612675F5E50037A602 /* RealmDatabase.swift */,
			);
			path = DataBase;
			sourceTree = "<group>";
		};
		330795AB527862EFF3918356 /* Pods */ = {
			isa = PBXGroup;
			children = (
				DD437156C249D47D0E29CEB6 /* Pods-RealmDemo.debug.xcconfig */,
				AE7D9D54033578006D3351DB /* Pods-RealmDemo.release.xcconfig */,
			);
			path = Pods;
			sourceTree = "<group>";
		};
		F5C925871C55C11B01C50850 /* Frameworks */ = {
			isa = PBXGroup;
			children = (
				A8531E23ED3B291FF242531A /* Pods_RealmDemo.framework */,
			);
			name = Frameworks;
			sourceTree = "<group>";
		};
/* End PBXGroup section */

/* Begin PBXNativeTarget section */
		2C3B68232675CF0600A329DD /* RealmDemo */ = {
			isa = PBXNativeTarget;
			buildConfigurationList = 2C3B68382675CF0800A329DD /* Build configuration list for PBXNativeTarget "RealmDemo" */;
			buildPhases = (
				11B3E94082DC8493D91E683E /* [CP] Check Pods Manifest.lock */,
				2C3B68202675CF0600A329DD /* Sources */,
				2C3B68212675CF0600A329DD /* Frameworks */,
				2C3B68222675CF0600A329DD /* Resources */,
				FA24B4214E30D88FB4CF28CF /* [CP] Embed Pods Frameworks */,
			);
			buildRules = (
			);
			dependencies = (
			);
			name = RealmDemo;
			productName = RealmDemo;
			productReference = 2C3B68242675CF0600A329DD /* RealmDemo.app */;
			productType = "com.apple.product-type.application";
		};
/* End PBXNativeTarget section */

/* Begin PBXProject section */
		2C3B681C2675CF0600A329DD /* Project object */ = {
			isa = PBXProject;
			attributes = {
				LastSwiftUpdateCheck = 1250;
				LastUpgradeCheck = 1250;
				TargetAttributes = {
					2C3B68232675CF0600A329DD = {
						CreatedOnToolsVersion = 12.5;
					};
				};
			};
			buildConfigurationList = 2C3B681F2675CF0600A329DD /* Build configuration list for PBXProject "RealmDemo" */;
			compatibilityVersion = "Xcode 9.3";
			developmentRegion = en;
			hasScannedForEncodings = 0;
			knownRegions = (
				en,
				Base,
			);
			mainGroup = 2C3B681B2675CF0600A329DD;
			productRefGroup = 2C3B68252675CF0600A329DD /* Products */;
			projectDirPath = "";
			projectRoot = "";
			targets = (
				2C3B68232675CF0600A329DD /* RealmDemo */,
			);
		};
/* End PBXProject section */

/* Begin PBXResourcesBuildPhase section */
		2C3B68222675CF0600A329DD /* Resources */ = {
			isa = PBXResourcesBuildPhase;
			buildActionMask = 2147483647;
			files = (
				2C3B68342675CF0800A329DD /* LaunchScreen.storyboard in Resources */,
				2C3B68312675CF0800A329DD /* Assets.xcassets in Resources */,
				2C3B682F2675CF0600A329DD /* Main.storyboard in Resources */,
			);
			runOnlyForDeploymentPostprocessing = 0;
		};
/* End PBXResourcesBuildPhase section */

/* Begin PBXShellScriptBuildPhase section */
		11B3E94082DC8493D91E683E /* [CP] Check Pods Manifest.lock */ = {
			isa = PBXShellScriptBuildPhase;
			buildActionMask = 2147483647;
			files = (
			);
			inputFileListPaths = (
			);
			inputPaths = (
				"${PODS_PODFILE_DIR_PATH}/Podfile.lock",
				"${PODS_ROOT}/Manifest.lock",
			);
			name = "[CP] Check Pods Manifest.lock";
			outputFileListPaths = (
			);
			outputPaths = (
				"$(DERIVED_FILE_DIR)/Pods-RealmDemo-checkManifestLockResult.txt",
			);
			runOnlyForDeploymentPostprocessing = 0;
			shellPath = /bin/sh;
			shellScript = "diff \"${PODS_PODFILE_DIR_PATH}/Podfile.lock\" \"${PODS_ROOT}/Manifest.lock\" > /dev/null\nif [ $? != 0 ] ; then\n    # print error to STDERR\n    echo \"error: The sandbox is not in sync with the Podfile.lock. Run 'pod install' or update your CocoaPods installation.\" >&2\n    exit 1\nfi\n# This output is used by Xcode 'outputs' to avoid re-running this script phase.\necho \"SUCCESS\" > \"${SCRIPT_OUTPUT_FILE_0}\"\n";
			showEnvVarsInLog = 0;
		};
		FA24B4214E30D88FB4CF28CF /* [CP] Embed Pods Frameworks */ = {
			isa = PBXShellScriptBuildPhase;
			buildActionMask = 2147483647;
			files = (
			);
			inputFileListPaths = (
				"${PODS_ROOT}/Target Support Files/Pods-RealmDemo/Pods-RealmDemo-frameworks-${CONFIGURATION}-input-files.xcfilelist",
			);
			name = "[CP] Embed Pods Frameworks";
			outputFileListPaths = (
				"${PODS_ROOT}/Target Support Files/Pods-RealmDemo/Pods-RealmDemo-frameworks-${CONFIGURATION}-output-files.xcfilelist",
			);
			runOnlyForDeploymentPostprocessing = 0;
			shellPath = /bin/sh;
			shellScript = "\"${PODS_ROOT}/Target Support Files/Pods-RealmDemo/Pods-RealmDemo-frameworks.sh\"\n";
			showEnvVarsInLog = 0;
		};
/* End PBXShellScriptBuildPhase section */

/* Begin PBXSourcesBuildPhase section */
		2C3B68202675CF0600A329DD /* Sources */ = {
			isa = PBXSourcesBuildPhase;
			buildActionMask = 2147483647;
			files = (
				2C9E3D622675F5E50037A602 /* RealmDatabase.swift in Sources */,
				2C3B68432675D5B600A329DD /* NotesTVC.swift in Sources */,
				2C9E3D572675DD920037A602 /* MyNotesVM.swift in Sources */,
				2C9E3D5D2675DDBD0037A602 /* MyNotesUIVC.swift in Sources */,
				2C9E3D5B2675DDB00037A602 /* EditUIVC.swift in Sources */,
				2C3B68402675D55600A329DD /* MyNotesVC.swift in Sources */,
				2C9E3D5F2675DF500037A602 /* Note.swift in Sources */,
				2C9E3D542675DC6F0037A602 /* EditVC.swift in Sources */,
				2C9E3D592675DDA30037A602 /* EditVM.swift in Sources */,
				2C3B68282675CF0600A329DD /* AppDelegate.swift in Sources */,
			);
			runOnlyForDeploymentPostprocessing = 0;
		};
/* End PBXSourcesBuildPhase section */

/* Begin PBXVariantGroup section */
		2C3B682D2675CF0600A329DD /* Main.storyboard */ = {
			isa = PBXVariantGroup;
			children = (
				2C3B682E2675CF0600A329DD /* Base */,
			);
			name = Main.storyboard;
			sourceTree = "<group>";
		};
		2C3B68322675CF0800A329DD /* LaunchScreen.storyboard */ = {
			isa = PBXVariantGroup;
			children = (
				2C3B68332675CF0800A329DD /* Base */,
			);
			name = LaunchScreen.storyboard;
			sourceTree = "<group>";
		};
/* End PBXVariantGroup section */

/* Begin XCBuildConfiguration section */
		2C3B68362675CF0800A329DD /* Debug */ = {
			isa = XCBuildConfiguration;
			buildSettings = {
				ALWAYS_SEARCH_USER_PATHS = NO;
				CLANG_ANALYZER_NONNULL = YES;
				CLANG_ANALYZER_NUMBER_OBJECT_CONVERSION = YES_AGGRESSIVE;
				CLANG_CXX_LANGUAGE_STANDARD = "gnu++14";
				CLANG_CXX_LIBRARY = "libc++";
				CLANG_ENABLE_MODULES = YES;
				CLANG_ENABLE_OBJC_ARC = YES;
				CLANG_ENABLE_OBJC_WEAK = YES;
				CLANG_WARN_BLOCK_CAPTURE_AUTORELEASING = YES;
				CLANG_WARN_BOOL_CONVERSION = YES;
				CLANG_WARN_COMMA = YES;
				CLANG_WARN_CONSTANT_CONVERSION = YES;
				CLANG_WARN_DEPRECATED_OBJC_IMPLEMENTATIONS = YES;
				CLANG_WARN_DIRECT_OBJC_ISA_USAGE = YES_ERROR;
				CLANG_WARN_DOCUMENTATION_COMMENTS = YES;
				CLANG_WARN_EMPTY_BODY = YES;
				CLANG_WARN_ENUM_CONVERSION = YES;
				CLANG_WARN_INFINITE_RECURSION = YES;
				CLANG_WARN_INT_CONVERSION = YES;
				CLANG_WARN_NON_LITERAL_NULL_CONVERSION = YES;
				CLANG_WARN_OBJC_IMPLICIT_RETAIN_SELF = YES;
				CLANG_WARN_OBJC_LITERAL_CONVERSION = YES;
				CLANG_WARN_OBJC_ROOT_CLASS = YES_ERROR;
				CLANG_WARN_QUOTED_INCLUDE_IN_FRAMEWORK_HEADER = YES;
				CLANG_WARN_RANGE_LOOP_ANALYSIS = YES;
				CLANG_WARN_STRICT_PROTOTYPES = YES;
				CLANG_WARN_SUSPICIOUS_MOVE = YES;
				CLANG_WARN_UNGUARDED_AVAILABILITY = YES_AGGRESSIVE;
				CLANG_WARN_UNREACHABLE_CODE = YES;
				CLANG_WARN__DUPLICATE_METHOD_MATCH = YES;
				COPY_PHASE_STRIP = NO;
				DEBUG_INFORMATION_FORMAT = dwarf;
				ENABLE_STRICT_OBJC_MSGSEND = YES;
				ENABLE_TESTABILITY = YES;
				GCC_C_LANGUAGE_STANDARD = gnu11;
				GCC_DYNAMIC_NO_PIC = NO;
				GCC_NO_COMMON_BLOCKS = YES;
				GCC_OPTIMIZATION_LEVEL = 0;
				GCC_PREPROCESSOR_DEFINITIONS = (
					"DEBUG=1",
					"$(inherited)",
				);
				GCC_WARN_64_TO_32_BIT_CONVERSION = YES;
				GCC_WARN_ABOUT_RETURN_TYPE = YES_ERROR;
				GCC_WARN_UNDECLARED_SELECTOR = YES;
				GCC_WARN_UNINITIALIZED_AUTOS = YES_AGGRESSIVE;
				GCC_WARN_UNUSED_FUNCTION = YES;
				GCC_WARN_UNUSED_VARIABLE = YES;
				IPHONEOS_DEPLOYMENT_TARGET = 14.5;
				MTL_ENABLE_DEBUG_INFO = INCLUDE_SOURCE;
				MTL_FAST_MATH = YES;
				ONLY_ACTIVE_ARCH = YES;
				SDKROOT = iphoneos;
				SWIFT_ACTIVE_COMPILATION_CONDITIONS = DEBUG;
				SWIFT_OPTIMIZATION_LEVEL = "-Onone";
			};
			name = Debug;
		};
		2C3B68372675CF0800A329DD /* Release */ = {
			isa = XCBuildConfiguration;
			buildSettings = {
				ALWAYS_SEARCH_USER_PATHS = NO;
				CLANG_ANALYZER_NONNULL = YES;
				CLANG_ANALYZER_NUMBER_OBJECT_CONVERSION = YES_AGGRESSIVE;
				CLANG_CXX_LANGUAGE_STANDARD = "gnu++14";
				CLANG_CXX_LIBRARY = "libc++";
				CLANG_ENABLE_MODULES = YES;
				CLANG_ENABLE_OBJC_ARC = YES;
				CLANG_ENABLE_OBJC_WEAK = YES;
				CLANG_WARN_BLOCK_CAPTURE_AUTORELEASING = YES;
				CLANG_WARN_BOOL_CONVERSION = YES;
				CLANG_WARN_COMMA = YES;
				CLANG_WARN_CONSTANT_CONVERSION = YES;
				CLANG_WARN_DEPRECATED_OBJC_IMPLEMENTATIONS = YES;
				CLANG_WARN_DIRECT_OBJC_ISA_USAGE = YES_ERROR;
				CLANG_WARN_DOCUMENTATION_COMMENTS = YES;
				CLANG_WARN_EMPTY_BODY = YES;
				CLANG_WARN_ENUM_CONVERSION = YES;
				CLANG_WARN_INFINITE_RECURSION = YES;
				CLANG_WARN_INT_CONVERSION = YES;
				CLANG_WARN_NON_LITERAL_NULL_CONVERSION = YES;
				CLANG_WARN_OBJC_IMPLICIT_RETAIN_SELF = YES;
				CLANG_WARN_OBJC_LITERAL_CONVERSION = YES;
				CLANG_WARN_OBJC_ROOT_CLASS = YES_ERROR;
				CLANG_WARN_QUOTED_INCLUDE_IN_FRAMEWORK_HEADER = YES;
				CLANG_WARN_RANGE_LOOP_ANALYSIS = YES;
				CLANG_WARN_STRICT_PROTOTYPES = YES;
				CLANG_WARN_SUSPICIOUS_MOVE = YES;
				CLANG_WARN_UNGUARDED_AVAILABILITY = YES_AGGRESSIVE;
				CLANG_WARN_UNREACHABLE_CODE = YES;
				CLANG_WARN__DUPLICATE_METHOD_MATCH = YES;
				COPY_PHASE_STRIP = NO;
				DEBUG_INFORMATION_FORMAT = "dwarf-with-dsym";
				ENABLE_NS_ASSERTIONS = NO;
				ENABLE_STRICT_OBJC_MSGSEND = YES;
				GCC_C_LANGUAGE_STANDARD = gnu11;
				GCC_NO_COMMON_BLOCKS = YES;
				GCC_WARN_64_TO_32_BIT_CONVERSION = YES;
				GCC_WARN_ABOUT_RETURN_TYPE = YES_ERROR;
				GCC_WARN_UNDECLARED_SELECTOR = YES;
				GCC_WARN_UNINITIALIZED_AUTOS = YES_AGGRESSIVE;
				GCC_WARN_UNUSED_FUNCTION = YES;
				GCC_WARN_UNUSED_VARIABLE = YES;
				IPHONEOS_DEPLOYMENT_TARGET = 14.5;
				MTL_ENABLE_DEBUG_INFO = NO;
				MTL_FAST_MATH = YES;
				SDKROOT = iphoneos;
				SWIFT_COMPILATION_MODE = wholemodule;
				SWIFT_OPTIMIZATION_LEVEL = "-O";
				VALIDATE_PRODUCT = YES;
			};
			name = Release;
		};
		2C3B68392675CF0800A329DD /* Debug */ = {
			isa = XCBuildConfiguration;
			baseConfigurationReference = DD437156C249D47D0E29CEB6 /* Pods-RealmDemo.debug.xcconfig */;
			buildSettings = {
				ASSETCATALOG_COMPILER_APPICON_NAME = AppIcon;
				ASSETCATALOG_COMPILER_GLOBAL_ACCENT_COLOR_NAME = AccentColor;
				CODE_SIGN_STYLE = Automatic;
				DEVELOPMENT_TEAM = UUTQRL82M5;
				INFOPLIST_FILE = RealmDemo/Info.plist;
				LD_RUNPATH_SEARCH_PATHS = (
					"$(inherited)",
					"@executable_path/Frameworks",
				);
				PRODUCT_BUNDLE_IDENTIFIER = com.sandeep.RealmDemo;
				PRODUCT_NAME = "$(TARGET_NAME)";
				SWIFT_VERSION = 5.0;
				TARGETED_DEVICE_FAMILY = "1,2";
			};
			name = Debug;
		};
		2C3B683A2675CF0800A329DD /* Release */ = {
			isa = XCBuildConfiguration;
			baseConfigurationReference = AE7D9D54033578006D3351DB /* Pods-RealmDemo.release.xcconfig */;
			buildSettings = {
				ASSETCATALOG_COMPILER_APPICON_NAME = AppIcon;
				ASSETCATALOG_COMPILER_GLOBAL_ACCENT_COLOR_NAME = AccentColor;
				CODE_SIGN_STYLE = Automatic;
				DEVELOPMENT_TEAM = UUTQRL82M5;
				INFOPLIST_FILE = RealmDemo/Info.plist;
				LD_RUNPATH_SEARCH_PATHS = (
					"$(inherited)",
					"@executable_path/Frameworks",
				);
				PRODUCT_BUNDLE_IDENTIFIER = com.sandeep.RealmDemo;
				PRODUCT_NAME = "$(TARGET_NAME)";
				SWIFT_VERSION = 5.0;
				TARGETED_DEVICE_FAMILY = "1,2";
			};
			name = Release;
		};
/* End XCBuildConfiguration section */

/* Begin XCConfigurationList section */
		2C3B681F2675CF0600A329DD /* Build configuration list for PBXProject "RealmDemo" */ = {
			isa = XCConfigurationList;
			buildConfigurations = (
				2C3B68362675CF0800A329DD /* Debug */,
				2C3B68372675CF0800A329DD /* Release */,
			);
			defaultConfigurationIsVisible = 0;
			defaultConfigurationName = Release;
		};
		2C3B68382675CF0800A329DD /* Build configuration list for PBXNativeTarget "RealmDemo" */ = {
			isa = XCConfigurationList;
			buildConfigurations = (
				2C3B68392675CF0800A329DD /* Debug */,
				2C3B683A2675CF0800A329DD /* Release */,
			);
			defaultConfigurationIsVisible = 0;
			defaultConfigurationName = Release;
		};
/* End XCConfigurationList section */
	};
	rootObject = 2C3B681C2675CF0600A329DD /* Project object */;
}
